// !$*UTF8*$!
{
	archiveVersion = 1;
	classes = {
	};
	objectVersion = 46;
	objects = {

/* Begin PBXBuildFile section */
		071FD3A21C9F9EFF00212E03 /* UserProfilesTableViewController.m in Sources */ = {isa = PBXBuildFile; fileRef = 071FD3A11C9F9EFF00212E03 /* UserProfilesTableViewController.m */; };
		071FD3A51C9FA1F200212E03 /* UserProfile.m in Sources */ = {isa = PBXBuildFile; fileRef = 071FD3A41C9FA1F200212E03 /* UserProfile.m */; };
		071FD3B21CA3B4D400212E03 /* AnswerCell.m in Sources */ = {isa = PBXBuildFile; fileRef = 071FD3B01CA3B4D400212E03 /* AnswerCell.m */; };
		071FD3B71CA3B8AD00212E03 /* images.jpg in Resources */ = {isa = PBXBuildFile; fileRef = 071FD3B41CA3B8AD00212E03 /* images.jpg */; };
		072E755125E4E50E2537CB9C /* libPods-just-query.a in Frameworks */ = {isa = PBXBuildFile; fileRef = 5526AC3A76AE984A9E21E14A /* libPods-just-query.a */; };
		07489BCE1C6A5F1000603ED8 /* Question.m in Sources */ = {isa = PBXBuildFile; fileRef = 07489BCD1C6A5F1000603ED8 /* Question.m */; };
		07489BD11C7155B600603ED8 /* AddQuestionViewController.m in Sources */ = {isa = PBXBuildFile; fileRef = 07489BD01C7155B600603ED8 /* AddQuestionViewController.m */; };
		07489BD41C74565B00603ED8 /* SubmitAnswerViewController.m in Sources */ = {isa = PBXBuildFile; fileRef = 07489BD31C74565B00603ED8 /* SubmitAnswerViewController.m */; };
		074A7DAE1C64ADE90006A6A2 /* QuestionCell.m in Sources */ = {isa = PBXBuildFile; fileRef = 074A7DAD1C64ADE90006A6A2 /* QuestionCell.m */; };
		074A7DB11C64B6F00006A6A2 /* QuestionViewController.m in Sources */ = {isa = PBXBuildFile; fileRef = 074A7DB01C64B6F00006A6A2 /* QuestionViewController.m */; };
		078C22571C5EAA3900457416 /* LoginViewController.m in Sources */ = {isa = PBXBuildFile; fileRef = 078C22561C5EAA3900457416 /* LoginViewController.m */; };
		078C225B1C5EE53300457416 /* Dataservice.m in Sources */ = {isa = PBXBuildFile; fileRef = 078C225A1C5EE53300457416 /* Dataservice.m */; };
		078C22601C5F0BA300457416 /* Constants.m in Sources */ = {isa = PBXBuildFile; fileRef = 078C225F1C5F0BA300457416 /* Constants.m */; };
		07B4E73F1C871B20005A26AE /* AnswersController.m in Sources */ = {isa = PBXBuildFile; fileRef = 07B4E73E1C871B20005A26AE /* AnswersController.m */; };
		07B4E7421C872793005A26AE /* Answer.m in Sources */ = {isa = PBXBuildFile; fileRef = 07B4E7411C872793005A26AE /* Answer.m */; };
		07EAC3341CAA3FBC00CFEF90 /* thumbsUpE.png in Resources */ = {isa = PBXBuildFile; fileRef = 07EAC3321CAA3FBC00CFEF90 /* thumbsUpE.png */; };
		07EAC3351CAA3FBC00CFEF90 /* thumbsUpF.png in Resources */ = {isa = PBXBuildFile; fileRef = 07EAC3331CAA3FBC00CFEF90 /* thumbsUpF.png */; };
		07F496271C5D763E0075FB0B /* main.m in Sources */ = {isa = PBXBuildFile; fileRef = 07F496261C5D763E0075FB0B /* main.m */; };
		07F4962A1C5D763E0075FB0B /* AppDelegate.m in Sources */ = {isa = PBXBuildFile; fileRef = 07F496291C5D763E0075FB0B /* AppDelegate.m */; };
		07F496301C5D763E0075FB0B /* Main.storyboard in Resources */ = {isa = PBXBuildFile; fileRef = 07F4962E1C5D763E0075FB0B /* Main.storyboard */; };
		07F496321C5D763E0075FB0B /* Assets.xcassets in Resources */ = {isa = PBXBuildFile; fileRef = 07F496311C5D763E0075FB0B /* Assets.xcassets */; };
		07F496351C5D763E0075FB0B /* LaunchScreen.storyboard in Resources */ = {isa = PBXBuildFile; fileRef = 07F496331C5D763E0075FB0B /* LaunchScreen.storyboard */; };
		07F496441C5D76B90075FB0B /* NotoSans-Bold.ttf in Resources */ = {isa = PBXBuildFile; fileRef = 07F496401C5D76B90075FB0B /* NotoSans-Bold.ttf */; };
		07F496451C5D76B90075FB0B /* NotoSans-BoldItalic.ttf in Resources */ = {isa = PBXBuildFile; fileRef = 07F496411C5D76B90075FB0B /* NotoSans-BoldItalic.ttf */; };
		07F496461C5D76B90075FB0B /* NotoSans-Italic.ttf in Resources */ = {isa = PBXBuildFile; fileRef = 07F496421C5D76B90075FB0B /* NotoSans-Italic.ttf */; };
		07F496471C5D76B90075FB0B /* NotoSans-Regular.ttf in Resources */ = {isa = PBXBuildFile; fileRef = 07F496431C5D76B90075FB0B /* NotoSans-Regular.ttf */; };
		07F496491C5D7BDD0075FB0B /* fb-icon.png in Resources */ = {isa = PBXBuildFile; fileRef = 07F496481C5D7BDD0075FB0B /* fb-icon.png */; };
		07F4964C1C5D87640075FB0B /* logocomplete.png in Resources */ = {isa = PBXBuildFile; fileRef = 07F4964A1C5D87640075FB0B /* logocomplete.png */; };
		07F4964D1C5D87640075FB0B /* logosingle.png in Resources */ = {isa = PBXBuildFile; fileRef = 07F4964B1C5D87640075FB0B /* logosingle.png */; };
		07F496501C5D8AE80075FB0B /* MaterialView.m in Sources */ = {isa = PBXBuildFile; fileRef = 07F4964F1C5D8AE80075FB0B /* MaterialView.m */; };
		07F496561C5E0B9A0075FB0B /* MaterialButton.m in Sources */ = {isa = PBXBuildFile; fileRef = 07F496551C5E0B9A0075FB0B /* MaterialButton.m */; };
		07F496591C5E132B0075FB0B /* MaterialTextField.m in Sources */ = {isa = PBXBuildFile; fileRef = 07F496581C5E132B0075FB0B /* MaterialTextField.m */; };
		07F4965E1C5E8A7B0075FB0B /* Bolts.framework in Frameworks */ = {isa = PBXBuildFile; fileRef = 07F4965B1C5E8A7B0075FB0B /* Bolts.framework */; };
		07F4965F1C5E8A7B0075FB0B /* FBSDKCoreKit.framework in Frameworks */ = {isa = PBXBuildFile; fileRef = 07F4965C1C5E8A7B0075FB0B /* FBSDKCoreKit.framework */; };
		07F496601C5E8A7B0075FB0B /* FBSDKLoginKit.framework in Frameworks */ = {isa = PBXBuildFile; fileRef = 07F4965D1C5E8A7B0075FB0B /* FBSDKLoginKit.framework */; };
		07FFF76B1C96239D003F4CDE /* UserProfileViewController.m in Sources */ = {isa = PBXBuildFile; fileRef = 07FFF76A1C96239D003F4CDE /* UserProfileViewController.m */; };
		07FFF76D1C96605B003F4CDE /* libCloudinary.a in Frameworks */ = {isa = PBXBuildFile; fileRef = 07FFF76C1C96605B003F4CDE /* libCloudinary.a */; };
		07FFF76F1C96687B003F4CDE /* Cloudinary in Resources */ = {isa = PBXBuildFile; fileRef = 07FFF76E1C96687B003F4CDE /* Cloudinary */; };
		07FFF7711C9A7DEA003F4CDE /* placeholder-user.png in Resources */ = {isa = PBXBuildFile; fileRef = 07FFF7701C9A7DEA003F4CDE /* placeholder-user.png */; };
/* End PBXBuildFile section */

/* Begin PBXFileReference section */
		071FD3A01C9F9EFF00212E03 /* UserProfilesTableViewController.h */ = {isa = PBXFileReference; fileEncoding = 4; lastKnownFileType = sourcecode.c.h; path = UserProfilesTableViewController.h; sourceTree = "<group>"; };
		071FD3A11C9F9EFF00212E03 /* UserProfilesTableViewController.m */ = {isa = PBXFileReference; fileEncoding = 4; lastKnownFileType = sourcecode.c.objc; path = UserProfilesTableViewController.m; sourceTree = "<group>"; };
		071FD3A31C9FA1F200212E03 /* UserProfile.h */ = {isa = PBXFileReference; fileEncoding = 4; lastKnownFileType = sourcecode.c.h; path = UserProfile.h; sourceTree = "<group>"; };
		071FD3A41C9FA1F200212E03 /* UserProfile.m */ = {isa = PBXFileReference; fileEncoding = 4; lastKnownFileType = sourcecode.c.objc; path = UserProfile.m; sourceTree = "<group>"; };
		071FD3AF1CA3B4D400212E03 /* AnswerCell.h */ = {isa = PBXFileReference; fileEncoding = 4; lastKnownFileType = sourcecode.c.h; path = AnswerCell.h; sourceTree = "<group>"; };
		071FD3B01CA3B4D400212E03 /* AnswerCell.m */ = {isa = PBXFileReference; fileEncoding = 4; lastKnownFileType = sourcecode.c.objc; path = AnswerCell.m; sourceTree = "<group>"; };
		071FD3B41CA3B8AD00212E03 /* images.jpg */ = {isa = PBXFileReference; lastKnownFileType = image.jpeg; path = images.jpg; sourceTree = "<group>"; };
		07489BCC1C6A5F1000603ED8 /* Question.h */ = {isa = PBXFileReference; fileEncoding = 4; lastKnownFileType = sourcecode.c.h; path = Question.h; sourceTree = "<group>"; };
		07489BCD1C6A5F1000603ED8 /* Question.m */ = {isa = PBXFileReference; fileEncoding = 4; lastKnownFileType = sourcecode.c.objc; path = Question.m; sourceTree = "<group>"; };
		07489BCF1C7155B600603ED8 /* AddQuestionViewController.h */ = {isa = PBXFileReference; fileEncoding = 4; lastKnownFileType = sourcecode.c.h; path = AddQuestionViewController.h; sourceTree = "<group>"; };
		07489BD01C7155B600603ED8 /* AddQuestionViewController.m */ = {isa = PBXFileReference; fileEncoding = 4; lastKnownFileType = sourcecode.c.objc; path = AddQuestionViewController.m; sourceTree = "<group>"; };
		07489BD21C74565B00603ED8 /* SubmitAnswerViewController.h */ = {isa = PBXFileReference; fileEncoding = 4; lastKnownFileType = sourcecode.c.h; path = SubmitAnswerViewController.h; sourceTree = "<group>"; };
		07489BD31C74565B00603ED8 /* SubmitAnswerViewController.m */ = {isa = PBXFileReference; fileEncoding = 4; lastKnownFileType = sourcecode.c.objc; path = SubmitAnswerViewController.m; sourceTree = "<group>"; };
		074A7DAC1C64ADE90006A6A2 /* QuestionCell.h */ = {isa = PBXFileReference; fileEncoding = 4; lastKnownFileType = sourcecode.c.h; path = QuestionCell.h; sourceTree = "<group>"; };
		074A7DAD1C64ADE90006A6A2 /* QuestionCell.m */ = {isa = PBXFileReference; fileEncoding = 4; lastKnownFileType = sourcecode.c.objc; path = QuestionCell.m; sourceTree = "<group>"; };
		074A7DAF1C64B6F00006A6A2 /* QuestionViewController.h */ = {isa = PBXFileReference; fileEncoding = 4; lastKnownFileType = sourcecode.c.h; path = QuestionViewController.h; sourceTree = "<group>"; };
		074A7DB01C64B6F00006A6A2 /* QuestionViewController.m */ = {isa = PBXFileReference; fileEncoding = 4; lastKnownFileType = sourcecode.c.objc; path = QuestionViewController.m; sourceTree = "<group>"; };
		078C22551C5EAA3900457416 /* LoginViewController.h */ = {isa = PBXFileReference; fileEncoding = 4; lastKnownFileType = sourcecode.c.h; path = LoginViewController.h; sourceTree = "<group>"; };
		078C22561C5EAA3900457416 /* LoginViewController.m */ = {isa = PBXFileReference; fileEncoding = 4; lastKnownFileType = sourcecode.c.objc; path = LoginViewController.m; sourceTree = "<group>"; };
		078C22591C5EE53300457416 /* Dataservice.h */ = {isa = PBXFileReference; fileEncoding = 4; lastKnownFileType = sourcecode.c.h; path = Dataservice.h; sourceTree = "<group>"; };
		078C225A1C5EE53300457416 /* Dataservice.m */ = {isa = PBXFileReference; fileEncoding = 4; lastKnownFileType = sourcecode.c.objc; path = Dataservice.m; sourceTree = "<group>"; };
		078C225E1C5F0B4100457416 /* Constants.h */ = {isa = PBXFileReference; fileEncoding = 4; lastKnownFileType = sourcecode.c.h; path = Constants.h; sourceTree = "<group>"; };
		078C225F1C5F0BA300457416 /* Constants.m */ = {isa = PBXFileReference; fileEncoding = 4; lastKnownFileType = sourcecode.c.objc; path = Constants.m; sourceTree = "<group>"; };
		07B4E73D1C871B20005A26AE /* AnswersController.h */ = {isa = PBXFileReference; fileEncoding = 4; lastKnownFileType = sourcecode.c.h; path = AnswersController.h; sourceTree = "<group>"; };
		07B4E73E1C871B20005A26AE /* AnswersController.m */ = {isa = PBXFileReference; fileEncoding = 4; lastKnownFileType = sourcecode.c.objc; path = AnswersController.m; sourceTree = "<group>"; };
		07B4E7401C872793005A26AE /* Answer.h */ = {isa = PBXFileReference; fileEncoding = 4; lastKnownFileType = sourcecode.c.h; path = Answer.h; sourceTree = "<group>"; };
		07B4E7411C872793005A26AE /* Answer.m */ = {isa = PBXFileReference; fileEncoding = 4; lastKnownFileType = sourcecode.c.objc; path = Answer.m; sourceTree = "<group>"; };
		07EAC3321CAA3FBC00CFEF90 /* thumbsUpE.png */ = {isa = PBXFileReference; lastKnownFileType = image.png; path = thumbsUpE.png; sourceTree = "<group>"; };
		07EAC3331CAA3FBC00CFEF90 /* thumbsUpF.png */ = {isa = PBXFileReference; lastKnownFileType = image.png; path = thumbsUpF.png; sourceTree = "<group>"; };
		07F496221C5D763E0075FB0B /* just-query.app */ = {isa = PBXFileReference; explicitFileType = wrapper.application; includeInIndex = 0; path = "just-query.app"; sourceTree = BUILT_PRODUCTS_DIR; };
		07F496261C5D763E0075FB0B /* main.m */ = {isa = PBXFileReference; lastKnownFileType = sourcecode.c.objc; path = main.m; sourceTree = "<group>"; };
		07F496281C5D763E0075FB0B /* AppDelegate.h */ = {isa = PBXFileReference; lastKnownFileType = sourcecode.c.h; path = AppDelegate.h; sourceTree = "<group>"; };
		07F496291C5D763E0075FB0B /* AppDelegate.m */ = {isa = PBXFileReference; lastKnownFileType = sourcecode.c.objc; path = AppDelegate.m; sourceTree = "<group>"; };
		07F4962F1C5D763E0075FB0B /* Base */ = {isa = PBXFileReference; lastKnownFileType = file.storyboard; name = Base; path = Base.lproj/Main.storyboard; sourceTree = "<group>"; };
		07F496311C5D763E0075FB0B /* Assets.xcassets */ = {isa = PBXFileReference; lastKnownFileType = folder.assetcatalog; path = Assets.xcassets; sourceTree = "<group>"; };
		07F496341C5D763E0075FB0B /* Base */ = {isa = PBXFileReference; lastKnownFileType = file.storyboard; name = Base; path = Base.lproj/LaunchScreen.storyboard; sourceTree = "<group>"; };
		07F496361C5D763E0075FB0B /* Info.plist */ = {isa = PBXFileReference; lastKnownFileType = text.plist.xml; path = Info.plist; sourceTree = "<group>"; };
		07F496401C5D76B90075FB0B /* NotoSans-Bold.ttf */ = {isa = PBXFileReference; lastKnownFileType = file; path = "NotoSans-Bold.ttf"; sourceTree = "<group>"; };
		07F496411C5D76B90075FB0B /* NotoSans-BoldItalic.ttf */ = {isa = PBXFileReference; lastKnownFileType = file; path = "NotoSans-BoldItalic.ttf"; sourceTree = "<group>"; };
		07F496421C5D76B90075FB0B /* NotoSans-Italic.ttf */ = {isa = PBXFileReference; lastKnownFileType = file; path = "NotoSans-Italic.ttf"; sourceTree = "<group>"; };
		07F496431C5D76B90075FB0B /* NotoSans-Regular.ttf */ = {isa = PBXFileReference; lastKnownFileType = file; path = "NotoSans-Regular.ttf"; sourceTree = "<group>"; };
		07F496481C5D7BDD0075FB0B /* fb-icon.png */ = {isa = PBXFileReference; lastKnownFileType = image.png; path = "fb-icon.png"; sourceTree = "<group>"; };
		07F4964A1C5D87640075FB0B /* logocomplete.png */ = {isa = PBXFileReference; lastKnownFileType = image.png; path = logocomplete.png; sourceTree = "<group>"; };
		07F4964B1C5D87640075FB0B /* logosingle.png */ = {isa = PBXFileReference; lastKnownFileType = image.png; path = logosingle.png; sourceTree = "<group>"; };
		07F4964E1C5D8AE80075FB0B /* MaterialView.h */ = {isa = PBXFileReference; fileEncoding = 4; lastKnownFileType = sourcecode.c.h; path = MaterialView.h; sourceTree = "<group>"; };
		07F4964F1C5D8AE80075FB0B /* MaterialView.m */ = {isa = PBXFileReference; fileEncoding = 4; lastKnownFileType = sourcecode.c.objc; path = MaterialView.m; sourceTree = "<group>"; };
		07F496541C5E0B9A0075FB0B /* MaterialButton.h */ = {isa = PBXFileReference; fileEncoding = 4; lastKnownFileType = sourcecode.c.h; path = MaterialButton.h; sourceTree = "<group>"; };
		07F496551C5E0B9A0075FB0B /* MaterialButton.m */ = {isa = PBXFileReference; fileEncoding = 4; lastKnownFileType = sourcecode.c.objc; path = MaterialButton.m; sourceTree = "<group>"; };
		07F496571C5E132B0075FB0B /* MaterialTextField.h */ = {isa = PBXFileReference; fileEncoding = 4; lastKnownFileType = sourcecode.c.h; path = MaterialTextField.h; sourceTree = "<group>"; };
		07F496581C5E132B0075FB0B /* MaterialTextField.m */ = {isa = PBXFileReference; fileEncoding = 4; lastKnownFileType = sourcecode.c.objc; path = MaterialTextField.m; sourceTree = "<group>"; };
		07F4965B1C5E8A7B0075FB0B /* Bolts.framework */ = {isa = PBXFileReference; lastKnownFileType = wrapper.framework; path = Bolts.framework; sourceTree = "<group>"; };
		07F4965C1C5E8A7B0075FB0B /* FBSDKCoreKit.framework */ = {isa = PBXFileReference; lastKnownFileType = wrapper.framework; path = FBSDKCoreKit.framework; sourceTree = "<group>"; };
		07F4965D1C5E8A7B0075FB0B /* FBSDKLoginKit.framework */ = {isa = PBXFileReference; lastKnownFileType = wrapper.framework; path = FBSDKLoginKit.framework; sourceTree = "<group>"; };
		07FFF7691C96239D003F4CDE /* UserProfileViewController.h */ = {isa = PBXFileReference; fileEncoding = 4; lastKnownFileType = sourcecode.c.h; path = UserProfileViewController.h; sourceTree = "<group>"; };
		07FFF76A1C96239D003F4CDE /* UserProfileViewController.m */ = {isa = PBXFileReference; fileEncoding = 4; lastKnownFileType = sourcecode.c.objc; path = UserProfileViewController.m; sourceTree = "<group>"; };
		07FFF76C1C96605B003F4CDE /* libCloudinary.a */ = {isa = PBXFileReference; lastKnownFileType = archive.ar; path = libCloudinary.a; sourceTree = "<group>"; };
		07FFF76E1C96687B003F4CDE /* Cloudinary */ = {isa = PBXFileReference; lastKnownFileType = folder; path = Cloudinary; sourceTree = "<group>"; };
		07FFF7701C9A7DEA003F4CDE /* placeholder-user.png */ = {isa = PBXFileReference; lastKnownFileType = image.png; path = "placeholder-user.png"; sourceTree = "<group>"; };
		5526AC3A76AE984A9E21E14A /* libPods-just-query.a */ = {isa = PBXFileReference; explicitFileType = archive.ar; includeInIndex = 0; path = "libPods-just-query.a"; sourceTree = BUILT_PRODUCTS_DIR; };
		85BB27688513E22528C137A6 /* Pods-just-query.debug.xcconfig */ = {isa = PBXFileReference; includeInIndex = 1; lastKnownFileType = text.xcconfig; name = "Pods-just-query.debug.xcconfig"; path = "Pods/Target Support Files/Pods-just-query/Pods-just-query.debug.xcconfig"; sourceTree = "<group>"; };
		BBAF6605430FC9A238A49B6C /* Pods-just-query.release.xcconfig */ = {isa = PBXFileReference; includeInIndex = 1; lastKnownFileType = text.xcconfig; name = "Pods-just-query.release.xcconfig"; path = "Pods/Target Support Files/Pods-just-query/Pods-just-query.release.xcconfig"; sourceTree = "<group>"; };
/* End PBXFileReference section */

/* Begin PBXFrameworksBuildPhase section */
		07F4961F1C5D763D0075FB0B /* Frameworks */ = {
			isa = PBXFrameworksBuildPhase;
			buildActionMask = 2147483647;
			files = (
				07F4965E1C5E8A7B0075FB0B /* Bolts.framework in Frameworks */,
				07F4965F1C5E8A7B0075FB0B /* FBSDKCoreKit.framework in Frameworks */,
				07F496601C5E8A7B0075FB0B /* FBSDKLoginKit.framework in Frameworks */,
				07FFF76D1C96605B003F4CDE /* libCloudinary.a in Frameworks */,
				072E755125E4E50E2537CB9C /* libPods-just-query.a in Frameworks */,
			);
			runOnlyForDeploymentPostprocessing = 0;
		};
/* End PBXFrameworksBuildPhase section */

/* Begin PBXGroup section */
		078C22581C5EE50700457416 /* Services */ = {
			isa = PBXGroup;
			children = (
				078C22591C5EE53300457416 /* Dataservice.h */,
				078C225A1C5EE53300457416 /* Dataservice.m */,
			);
			name = Services;
			sourceTree = "<group>";
		};
		07F496191C5D763D0075FB0B = {
			isa = PBXGroup;
			children = (
				07F496241C5D763E0075FB0B /* just-query */,
				07F496231C5D763E0075FB0B /* Products */,
				6BDF53BF97DF9CA17DEB83FD /* Pods */,
				E3D5BC77CF17BD8C376FA21F /* Frameworks */,
			);
			sourceTree = "<group>";
		};
		07F496231C5D763E0075FB0B /* Products */ = {
			isa = PBXGroup;
			children = (
				07F496221C5D763E0075FB0B /* just-query.app */,
			);
			name = Products;
			sourceTree = "<group>";
		};
		07F496241C5D763E0075FB0B /* just-query */ = {
			isa = PBXGroup;
			children = (
				07FFF76E1C96687B003F4CDE /* Cloudinary */,
				078C22581C5EE50700457416 /* Services */,
				07F4965A1C5E8A610075FB0B /* Frameworks */,
				07F496511C5D8B470075FB0B /* Util */,
				07F4963F1C5D76780075FB0B /* Resources */,
				07F4963E1C5D766A0075FB0B /* View */,
				07F4963D1C5D76620075FB0B /* Model */,
				07F4963C1C5D76560075FB0B /* Controller */,
				07F496281C5D763E0075FB0B /* AppDelegate.h */,
				07F496291C5D763E0075FB0B /* AppDelegate.m */,
				07F4962E1C5D763E0075FB0B /* Main.storyboard */,
				07F496311C5D763E0075FB0B /* Assets.xcassets */,
				07F496331C5D763E0075FB0B /* LaunchScreen.storyboard */,
				07F496361C5D763E0075FB0B /* Info.plist */,
				07F496251C5D763E0075FB0B /* Supporting Files */,
			);
			path = "just-query";
			sourceTree = "<group>";
		};
		07F496251C5D763E0075FB0B /* Supporting Files */ = {
			isa = PBXGroup;
			children = (
				07F496261C5D763E0075FB0B /* main.m */,
			);
			name = "Supporting Files";
			sourceTree = "<group>";
		};
		07F4963C1C5D76560075FB0B /* Controller */ = {
			isa = PBXGroup;
			children = (
				078C22551C5EAA3900457416 /* LoginViewController.h */,
				078C22561C5EAA3900457416 /* LoginViewController.m */,
				074A7DAF1C64B6F00006A6A2 /* QuestionViewController.h */,
				074A7DB01C64B6F00006A6A2 /* QuestionViewController.m */,
				07489BCF1C7155B600603ED8 /* AddQuestionViewController.h */,
				07489BD01C7155B600603ED8 /* AddQuestionViewController.m */,
				07489BD21C74565B00603ED8 /* SubmitAnswerViewController.h */,
				07489BD31C74565B00603ED8 /* SubmitAnswerViewController.m */,
				07B4E73D1C871B20005A26AE /* AnswersController.h */,
				07B4E73E1C871B20005A26AE /* AnswersController.m */,
				07FFF7691C96239D003F4CDE /* UserProfileViewController.h */,
				07FFF76A1C96239D003F4CDE /* UserProfileViewController.m */,
				071FD3A01C9F9EFF00212E03 /* UserProfilesTableViewController.h */,
				071FD3A11C9F9EFF00212E03 /* UserProfilesTableViewController.m */,
			);
			name = Controller;
			sourceTree = "<group>";
		};
		07F4963D1C5D76620075FB0B /* Model */ = {
			isa = PBXGroup;
			children = (
				07489BCC1C6A5F1000603ED8 /* Question.h */,
				07489BCD1C6A5F1000603ED8 /* Question.m */,
				07B4E7401C872793005A26AE /* Answer.h */,
				07B4E7411C872793005A26AE /* Answer.m */,
				071FD3A31C9FA1F200212E03 /* UserProfile.h */,
				071FD3A41C9FA1F200212E03 /* UserProfile.m */,
			);
			name = Model;
			sourceTree = "<group>";
		};
		07F4963E1C5D766A0075FB0B /* View */ = {
			isa = PBXGroup;
			children = (
				07F4964E1C5D8AE80075FB0B /* MaterialView.h */,
				07F4964F1C5D8AE80075FB0B /* MaterialView.m */,
				07F496541C5E0B9A0075FB0B /* MaterialButton.h */,
				07F496551C5E0B9A0075FB0B /* MaterialButton.m */,
				07F496571C5E132B0075FB0B /* MaterialTextField.h */,
				07F496581C5E132B0075FB0B /* MaterialTextField.m */,
				074A7DAC1C64ADE90006A6A2 /* QuestionCell.h */,
				074A7DAD1C64ADE90006A6A2 /* QuestionCell.m */,
				071FD3AF1CA3B4D400212E03 /* AnswerCell.h */,
				071FD3B01CA3B4D400212E03 /* AnswerCell.m */,
			);
			name = View;
			sourceTree = "<group>";
		};
		07F4963F1C5D76780075FB0B /* Resources */ = {
			isa = PBXGroup;
			children = (
				07EAC3321CAA3FBC00CFEF90 /* thumbsUpE.png */,
				07EAC3331CAA3FBC00CFEF90 /* thumbsUpF.png */,
				071FD3B41CA3B8AD00212E03 /* images.jpg */,
				07FFF7701C9A7DEA003F4CDE /* placeholder-user.png */,
				07F4964A1C5D87640075FB0B /* logocomplete.png */,
				07F4964B1C5D87640075FB0B /* logosingle.png */,
				07F496481C5D7BDD0075FB0B /* fb-icon.png */,
				07F496401C5D76B90075FB0B /* NotoSans-Bold.ttf */,
				07F496411C5D76B90075FB0B /* NotoSans-BoldItalic.ttf */,
				07F496421C5D76B90075FB0B /* NotoSans-Italic.ttf */,
				07F496431C5D76B90075FB0B /* NotoSans-Regular.ttf */,
			);
			name = Resources;
			sourceTree = "<group>";
		};
		07F496511C5D8B470075FB0B /* Util */ = {
			isa = PBXGroup;
			children = (
				078C225E1C5F0B4100457416 /* Constants.h */,
				078C225F1C5F0BA300457416 /* Constants.m */,
			);
			name = Util;
			sourceTree = "<group>";
		};
		07F4965A1C5E8A610075FB0B /* Frameworks */ = {
			isa = PBXGroup;
			children = (
				07FFF76C1C96605B003F4CDE /* libCloudinary.a */,
				07F4965B1C5E8A7B0075FB0B /* Bolts.framework */,
				07F4965C1C5E8A7B0075FB0B /* FBSDKCoreKit.framework */,
				07F4965D1C5E8A7B0075FB0B /* FBSDKLoginKit.framework */,
			);
			name = Frameworks;
			sourceTree = "<group>";
		};
		6BDF53BF97DF9CA17DEB83FD /* Pods */ = {
			isa = PBXGroup;
			children = (
				85BB27688513E22528C137A6 /* Pods-just-query.debug.xcconfig */,
				BBAF6605430FC9A238A49B6C /* Pods-just-query.release.xcconfig */,
			);
			name = Pods;
			sourceTree = "<group>";
		};
		E3D5BC77CF17BD8C376FA21F /* Frameworks */ = {
			isa = PBXGroup;
			children = (
				5526AC3A76AE984A9E21E14A /* libPods-just-query.a */,
			);
			name = Frameworks;
			sourceTree = "<group>";
		};
/* End PBXGroup section */

/* Begin PBXNativeTarget section */
		07F496211C5D763D0075FB0B /* just-query */ = {
			isa = PBXNativeTarget;
			buildConfigurationList = 07F496391C5D763E0075FB0B /* Build configuration list for PBXNativeTarget "just-query" */;
			buildPhases = (
				5ADB5D2E252172D6647E346C /* Check Pods Manifest.lock */,
				07F4961E1C5D763D0075FB0B /* Sources */,
				07F4961F1C5D763D0075FB0B /* Frameworks */,
				07F496201C5D763D0075FB0B /* Resources */,
				33ACD3ACFE6545B95215E1A0 /* Embed Pods Frameworks */,
				972104F072717A8371CF43C7 /* Copy Pods Resources */,
			);
			buildRules = (
			);
			dependencies = (
			);
			name = "just-query";
			productName = "just-query";
			productReference = 07F496221C5D763E0075FB0B /* just-query.app */;
			productType = "com.apple.product-type.application";
		};
/* End PBXNativeTarget section */

/* Begin PBXProject section */
		07F4961A1C5D763D0075FB0B /* Project object */ = {
			isa = PBXProject;
			attributes = {
				LastUpgradeCheck = 0720;
				ORGANIZATIONNAME = "carlos calderon";
				TargetAttributes = {
					07F496211C5D763D0075FB0B = {
						CreatedOnToolsVersion = 7.2;
					};
				};
			};
			buildConfigurationList = 07F4961D1C5D763D0075FB0B /* Build configuration list for PBXProject "just-query" */;
			compatibilityVersion = "Xcode 3.2";
			developmentRegion = English;
			hasScannedForEncodings = 0;
			knownRegions = (
				en,
				Base,
			);
			mainGroup = 07F496191C5D763D0075FB0B;
			productRefGroup = 07F496231C5D763E0075FB0B /* Products */;
			projectDirPath = "";
			projectRoot = "";
			targets = (
				07F496211C5D763D0075FB0B /* just-query */,
			);
		};
/* End PBXProject section */

/* Begin PBXResourcesBuildPhase section */
		07F496201C5D763D0075FB0B /* Resources */ = {
			isa = PBXResourcesBuildPhase;
			buildActionMask = 2147483647;
			files = (
				07F496441C5D76B90075FB0B /* NotoSans-Bold.ttf in Resources */,
				07F496351C5D763E0075FB0B /* LaunchScreen.storyboard in Resources */,
				07EAC3351CAA3FBC00CFEF90 /* thumbsUpF.png in Resources */,
				07F4964D1C5D87640075FB0B /* logosingle.png in Resources */,
				07F496451C5D76B90075FB0B /* NotoSans-BoldItalic.ttf in Resources */,
				07F4964C1C5D87640075FB0B /* logocomplete.png in Resources */,
				07F496461C5D76B90075FB0B /* NotoSans-Italic.ttf in Resources */,
				071FD3B71CA3B8AD00212E03 /* images.jpg in Resources */,
				07EAC3341CAA3FBC00CFEF90 /* thumbsUpE.png in Resources */,
				07FFF76F1C96687B003F4CDE /* Cloudinary in Resources */,
				07F496491C5D7BDD0075FB0B /* fb-icon.png in Resources */,
				07F496321C5D763E0075FB0B /* Assets.xcassets in Resources */,
				07F496301C5D763E0075FB0B /* Main.storyboard in Resources */,
				07FFF7711C9A7DEA003F4CDE /* placeholder-user.png in Resources */,
				07F496471C5D76B90075FB0B /* NotoSans-Regular.ttf in Resources */,
			);
			runOnlyForDeploymentPostprocessing = 0;
		};
/* End PBXResourcesBuildPhase section */

/* Begin PBXShellScriptBuildPhase section */
		33ACD3ACFE6545B95215E1A0 /* Embed Pods Frameworks */ = {
			isa = PBXShellScriptBuildPhase;
			buildActionMask = 2147483647;
			files = (
			);
			inputPaths = (
			);
			name = "Embed Pods Frameworks";
			outputPaths = (
			);
			runOnlyForDeploymentPostprocessing = 0;
			shellPath = /bin/sh;
			shellScript = "\"${SRCROOT}/Pods/Target Support Files/Pods-just-query/Pods-just-query-frameworks.sh\"\n";
			showEnvVarsInLog = 0;
		};
		5ADB5D2E252172D6647E346C /* Check Pods Manifest.lock */ = {
			isa = PBXShellScriptBuildPhase;
			buildActionMask = 2147483647;
			files = (
			);
			inputPaths = (
			);
			name = "Check Pods Manifest.lock";
			outputPaths = (
			);
			runOnlyForDeploymentPostprocessing = 0;
			shellPath = /bin/sh;
			shellScript = "diff \"${PODS_ROOT}/../Podfile.lock\" \"${PODS_ROOT}/Manifest.lock\" > /dev/null\nif [[ $? != 0 ]] ; then\n    cat << EOM\nerror: The sandbox is not in sync with the Podfile.lock. Run 'pod install' or update your CocoaPods installation.\nEOM\n    exit 1\nfi\n";
			showEnvVarsInLog = 0;
		};
		972104F072717A8371CF43C7 /* Copy Pods Resources */ = {
			isa = PBXShellScriptBuildPhase;
			buildActionMask = 2147483647;
			files = (
			);
			inputPaths = (
			);
			name = "Copy Pods Resources";
			outputPaths = (
			);
			runOnlyForDeploymentPostprocessing = 0;
			shellPath = /bin/sh;
			shellScript = "\"${SRCROOT}/Pods/Target Support Files/Pods-just-query/Pods-just-query-resources.sh\"\n";
			showEnvVarsInLog = 0;
		};
/* End PBXShellScriptBuildPhase section */

/* Begin PBXSourcesBuildPhase section */
		07F4961E1C5D763D0075FB0B /* Sources */ = {
			isa = PBXSourcesBuildPhase;
			buildActionMask = 2147483647;
			files = (
				07F4962A1C5D763E0075FB0B /* AppDelegate.m in Sources */,
				07F496591C5E132B0075FB0B /* MaterialTextField.m in Sources */,
				071FD3A51C9FA1F200212E03 /* UserProfile.m in Sources */,
				078C225B1C5EE53300457416 /* Dataservice.m in Sources */,
				078C22601C5F0BA300457416 /* Constants.m in Sources */,
				07B4E7421C872793005A26AE /* Answer.m in Sources */,
				07FFF76B1C96239D003F4CDE /* UserProfileViewController.m in Sources */,
				07F496271C5D763E0075FB0B /* main.m in Sources */,
				074A7DAE1C64ADE90006A6A2 /* QuestionCell.m in Sources */,
				07489BD11C7155B600603ED8 /* AddQuestionViewController.m in Sources */,
				074A7DB11C64B6F00006A6A2 /* QuestionViewController.m in Sources */,
				07489BD41C74565B00603ED8 /* SubmitAnswerViewController.m in Sources */,
				078C22571C5EAA3900457416 /* LoginViewController.m in Sources */,
				071FD3A21C9F9EFF00212E03 /* UserProfilesTableViewController.m in Sources */,
				071FD3B21CA3B4D400212E03 /* AnswerCell.m in Sources */,
				07489BCE1C6A5F1000603ED8 /* Question.m in Sources */,
				07B4E73F1C871B20005A26AE /* AnswersController.m in Sources */,
				07F496561C5E0B9A0075FB0B /* MaterialButton.m in Sources */,
				07F496501C5D8AE80075FB0B /* MaterialView.m in Sources */,
			);
			runOnlyForDeploymentPostprocessing = 0;
		};
/* End PBXSourcesBuildPhase section */

/* Begin PBXVariantGroup section */
		07F4962E1C5D763E0075FB0B /* Main.storyboard */ = {
			isa = PBXVariantGroup;
			children = (
				07F4962F1C5D763E0075FB0B /* Base */,
			);
			name = Main.storyboard;
			sourceTree = "<group>";
		};
		07F496331C5D763E0075FB0B /* LaunchScreen.storyboard */ = {
			isa = PBXVariantGroup;
			children = (
				07F496341C5D763E0075FB0B /* Base */,
			);
			name = LaunchScreen.storyboard;
			sourceTree = "<group>";
		};
/* End PBXVariantGroup section */

/* Begin XCBuildConfiguration section */
		07F496371C5D763E0075FB0B /* Debug */ = {
			isa = XCBuildConfiguration;
			buildSettings = {
				ALWAYS_SEARCH_USER_PATHS = NO;
				CLANG_CXX_LANGUAGE_STANDARD = "gnu++0x";
				CLANG_CXX_LIBRARY = "libc++";
				CLANG_ENABLE_MODULES = YES;
				CLANG_ENABLE_OBJC_ARC = YES;
				CLANG_WARN_BOOL_CONVERSION = YES;
				CLANG_WARN_CONSTANT_CONVERSION = YES;
				CLANG_WARN_DIRECT_OBJC_ISA_USAGE = YES_ERROR;
				CLANG_WARN_EMPTY_BODY = YES;
				CLANG_WARN_ENUM_CONVERSION = YES;
				CLANG_WARN_INT_CONVERSION = YES;
				CLANG_WARN_OBJC_ROOT_CLASS = YES_ERROR;
				CLANG_WARN_UNREACHABLE_CODE = YES;
				CLANG_WARN__DUPLICATE_METHOD_MATCH = YES;
				"CODE_SIGN_IDENTITY[sdk=iphoneos*]" = "iPhone Developer";
				COPY_PHASE_STRIP = NO;
				DEBUG_INFORMATION_FORMAT = dwarf;
				ENABLE_STRICT_OBJC_MSGSEND = YES;
				ENABLE_TESTABILITY = YES;
				GCC_C_LANGUAGE_STANDARD = gnu99;
				GCC_DYNAMIC_NO_PIC = NO;
				GCC_NO_COMMON_BLOCKS = YES;
				GCC_OPTIMIZATION_LEVEL = 0;
				GCC_PREPROCESSOR_DEFINITIONS = (
					"DEBUG=1",
					"$(inherited)",
				);
				GCC_WARN_64_TO_32_BIT_CONVERSION = YES;
				GCC_WARN_ABOUT_RETURN_TYPE = YES_ERROR;
				GCC_WARN_UNDECLARED_SELECTOR = YES;
				GCC_WARN_UNINITIALIZED_AUTOS = YES_AGGRESSIVE;
				GCC_WARN_UNUSED_FUNCTION = YES;
				GCC_WARN_UNUSED_VARIABLE = YES;
				IPHONEOS_DEPLOYMENT_TARGET = 9.2;
				MTL_ENABLE_DEBUG_INFO = YES;
				ONLY_ACTIVE_ARCH = YES;
				SDKROOT = iphoneos;
				TARGETED_DEVICE_FAMILY = "1,2";
			};
			name = Debug;
		};
		07F496381C5D763E0075FB0B /* Release */ = {
			isa = XCBuildConfiguration;
			buildSettings = {
				ALWAYS_SEARCH_USER_PATHS = NO;
				CLANG_CXX_LANGUAGE_STANDARD = "gnu++0x";
				CLANG_CXX_LIBRARY = "libc++";
				CLANG_ENABLE_MODULES = YES;
				CLANG_ENABLE_OBJC_ARC = YES;
				CLANG_WARN_BOOL_CONVERSION = YES;
				CLANG_WARN_CONSTANT_CONVERSION = YES;
				CLANG_WARN_DIRECT_OBJC_ISA_USAGE = YES_ERROR;
				CLANG_WARN_EMPTY_BODY = YES;
				CLANG_WARN_ENUM_CONVERSION = YES;
				CLANG_WARN_INT_CONVERSION = YES;
				CLANG_WARN_OBJC_ROOT_CLASS = YES_ERROR;
				CLANG_WARN_UNREACHABLE_CODE = YES;
				CLANG_WARN__DUPLICATE_METHOD_MATCH = YES;
				"CODE_SIGN_IDENTITY[sdk=iphoneos*]" = "iPhone Developer";
				COPY_PHASE_STRIP = NO;
				DEBUG_INFORMATION_FORMAT = "dwarf-with-dsym";
				ENABLE_NS_ASSERTIONS = NO;
				ENABLE_STRICT_OBJC_MSGSEND = YES;
				GCC_C_LANGUAGE_STANDARD = gnu99;
				GCC_NO_COMMON_BLOCKS = YES;
				GCC_WARN_64_TO_32_BIT_CONVERSION = YES;
				GCC_WARN_ABOUT_RETURN_TYPE = YES_ERROR;
				GCC_WARN_UNDECLARED_SELECTOR = YES;
				GCC_WARN_UNINITIALIZED_AUTOS = YES_AGGRESSIVE;
				GCC_WARN_UNUSED_FUNCTION = YES;
				GCC_WARN_UNUSED_VARIABLE = YES;
				IPHONEOS_DEPLOYMENT_TARGET = 9.2;
				MTL_ENABLE_DEBUG_INFO = NO;
				SDKROOT = iphoneos;
				TARGETED_DEVICE_FAMILY = "1,2";
				VALIDATE_PRODUCT = YES;
			};
			name = Release;
		};
		07F4963A1C5D763E0075FB0B /* Debug */ = {
			isa = XCBuildConfiguration;
			baseConfigurationReference = 85BB27688513E22528C137A6 /* Pods-just-query.debug.xcconfig */;
			buildSettings = {
				ASSETCATALOG_COMPILER_APPICON_NAME = AppIcon;
				ENABLE_BITCODE = NO;
				FRAMEWORK_SEARCH_PATHS = (
					"$(inherited)",
					"$(PROJECT_DIR)/just-query",
				);
				INFOPLIST_FILE = "just-query/Info.plist";
				LD_RUNPATH_SEARCH_PATHS = "$(inherited) @executable_path/Frameworks";
				LIBRARY_SEARCH_PATHS = (
					"$(inherited)",
					"$(PROJECT_DIR)/just-query",
				);
				PRODUCT_BUNDLE_IDENTIFIER = com.constructisystems.justquery;
				PRODUCT_NAME = "$(TARGET_NAME)";
				TARGETED_DEVICE_FAMILY = 1;
			};
			name = Debug;
		};
		07F4963B1C5D763E0075FB0B /* Release */ = {
			isa = XCBuildConfiguration;
			baseConfigurationReference = BBAF6605430FC9A238A49B6C /* Pods-just-query.release.xcconfig */;
			buildSettings = {
				ASSETCATALOG_COMPILER_APPICON_NAME = AppIcon;
				ENABLE_BITCODE = NO;
				FRAMEWORK_SEARCH_PATHS = (
					"$(inherited)",
					"$(PROJECT_DIR)/just-query",
				);
				INFOPLIST_FILE = "just-query/Info.plist";
				LD_RUNPATH_SEARCH_PATHS = "$(inherited) @executable_path/Frameworks";
				LIBRARY_SEARCH_PATHS = (
					"$(inherited)",
					"$(PROJECT_DIR)/just-query",
				);
				PRODUCT_BUNDLE_IDENTIFIER = com.constructisystems.justquery;
				PRODUCT_NAME = "$(TARGET_NAME)";
				TARGETED_DEVICE_FAMILY = 1;
			};
			name = Release;
		};
/* End XCBuildConfiguration section */

/* Begin XCConfigurationList section */
		07F4961D1C5D763D0075FB0B /* Build configuration list for PBXProject "just-query" */ = {
			isa = XCConfigurationList;
			buildConfigurations = (
				07F496371C5D763E0075FB0B /* Debug */,
				07F496381C5D763E0075FB0B /* Release */,
			);
			defaultConfigurationIsVisible = 0;
			defaultConfigurationName = Release;
		};
		07F496391C5D763E0075FB0B /* Build configuration list for PBXNativeTarget "just-query" */ = {
			isa = XCConfigurationList;
			buildConfigurations = (
				07F4963A1C5D763E0075FB0B /* Debug */,
				07F4963B1C5D763E0075FB0B /* Release */,
			);
			defaultConfigurationIsVisible = 0;
			defaultConfigurationName = Release;
		};
/* End XCConfigurationList section */
	};
	rootObject = 07F4961A1C5D763D0075FB0B /* Project object */;
}
